
Microsoft Visual Studio Solution File, Format Version 12.00
# Visual Studio Version 16
VisualStudioVersion = 16.0.30413.136
MinimumVisualStudioVersion = 10.0.40219.1
Project("{9A19103F-16F7-4668-BE54-9A1E7A4F7556}") = "ImageToPdf.Core", "ImageToPdf.Core\ImageToPdf.Core.csproj", "{2103C45F-E53E-4BFB-A3A2-BF0F2C804DB9}"
EndProject
Project("{FAE04EC0-301F-11D3-BF4B-00C04F79EFBC}") = "ImageToPdf.Tests", "ImageToPdf.Tests\ImageToPdf.Tests.csproj", "{24048E29-3F80-4EBD-BD50-D7F2E4F40FCC}"
EndProject
Global
	GlobalSection(SolutionConfigurationPlatforms) = preSolution
		Debug|Any CPU = Debug|Any CPU
		Release|Any CPU = Release|Any CPU
	EndGlobalSection
	GlobalSection(ProjectConfigurationPlatforms) = postSolution
		{2103C45F-E53E-4BFB-A3A2-BF0F2C804DB9}.Debug|Any CPU.ActiveCfg = Debug|Any CPU
		{2103C45F-E53E-4BFB-A3A2-BF0F2C804DB9}.Debug|Any CPU.Build.0 = Debug|Any CPU
		{2103C45F-E53E-4BFB-A3A2-BF0F2C804DB9}.Release|Any CPU.ActiveCfg = Release|Any CPU
		{2103C45F-E53E-4BFB-A3A2-BF0F2C804DB9}.Release|Any CPU.Build.0 = Release|Any CPU
		{24048E29-3F80-4EBD-BD50-D7F2E4F40FCC}.Debug|Any CPU.ActiveCfg = Debug|Any CPU
		{24048E29-3F80-4EBD-BD50-D7F2E4F40FCC}.Debug|Any CPU.Build.0 = Debug|Any CPU
		{24048E29-3F80-4EBD-BD50-D7F2E4F40FCC}.Release|Any CPU.ActiveCfg = Release|Any CPU
		{24048E29-3F80-4EBD-BD50-D7F2E4F40FCC}.Release|Any CPU.Build.0 = Release|Any CPU
	EndGlobalSection
	GlobalSection(SolutionProperties) = preSolution
		HideSolutionNode = FALSE
	EndGlobalSection
	GlobalSection(ExtensibilityGlobals) = postSolution
		SolutionGuid = {C9D6EF57-3B60-43EB-8C9B-B216198B42A9}
	EndGlobalSection
EndGlobal
